
Microsoft Visual Studio Solution File, Format Version 12.00
# Visual Studio 2013
VisualStudioVersion = 12.0.21005.1
MinimumVisualStudioVersion = 10.0.40219.1
Project("{8BC9CEB8-8B4A-11D0-8D11-00A0C91BC942}") = "Test_1119", "Test_1119\Test_1119.vcxproj", "{EAE09C86-34C0-4C64-9C71-7012959B05DB}"
EndProject
Global
	GlobalSection(SolutionConfigurationPlatforms) = preSolution
		Debug|Win32 = Debug|Win32
		Release|Win32 = Release|Win32
	EndGlobalSection
	GlobalSection(ProjectConfigurationPlatforms) = postSolution
		{EAE09C86-34C0-4C64-9C71-7012959B05DB}.Debug|Win32.ActiveCfg = Debug|Win32
		{EAE09C86-34C0-4C64-9C71-7012959B05DB}.Debug|Win32.Build.0 = Debug|Win32
		{EAE09C86-34C0-4C64-9C71-7012959B05DB}.Release|Win32.ActiveCfg = Release|Win32
		{EAE09C86-34C0-4C64-9C71-7012959B05DB}.Release|Win32.Build.0 = Release|Win32
	EndGlobalSection
	GlobalSection(SolutionProperties) = preSolution
		HideSolutionNode = FALSE
	EndGlobalSection
EndGlobal
